
Microsoft Visual Studio Solution File, Format Version 12.00
# Visual Studio Version 17
VisualStudioVersion = 17.4.33213.308
MinimumVisualStudioVersion = 10.0.40219.1
Project("{FAE04EC0-301F-11D3-BF4B-00C04F79EFBC}") = "FlowCardTesting", "FlowCardTesting\FlowCardTesting.csproj", "{0C3AA3B9-00AD-484C-8CD2-B9A6F8D0C499}"
EndProject
Global
	GlobalSection(SolutionConfigurationPlatforms) = preSolution
		Debug|Any CPU = Debug|Any CPU
		Release|Any CPU = Release|Any CPU
	EndGlobalSection
	GlobalSection(ProjectConfigurationPlatforms) = postSolution
		{0C3AA3B9-00AD-484C-8CD2-B9A6F8D0C499}.Debug|Any CPU.ActiveCfg = Debug|Any CPU
		{0C3AA3B9-00AD-484C-8CD2-B9A6F8D0C499}.Debug|Any CPU.Build.0 = Debug|Any CPU
		{0C3AA3B9-00AD-484C-8CD2-B9A6F8D0C499}.Release|Any CPU.ActiveCfg = Release|Any CPU
		{0C3AA3B9-00AD-484C-8CD2-B9A6F8D0C499}.Release|Any CPU.Build.0 = Release|Any CPU
	EndGlobalSection
	GlobalSection(SolutionProperties) = preSolution
		HideSolutionNode = FALSE
	EndGlobalSection
	GlobalSection(ExtensibilityGlobals) = postSolution
		SolutionGuid = {0C9EAD5D-EEDB-4150-B832-5BCDE230B478}
	EndGlobalSection
EndGlobal
